
Microsoft Visual Studio Solution File, Format Version 12.00
# Visual Studio Version 17
VisualStudioVersion = 17.14.36212.18 d17.14
MinimumVisualStudioVersion = 10.0.40219.1
Project("{FAE04EC0-301F-11D3-BF4B-00C04F79EFBC}") = "app-api", "app-api\app-api.csproj", "{04E5165F-559B-4378-95CB-44776E11241B}"
EndProject
Global
	GlobalSection(SolutionConfigurationPlatforms) = preSolution
		Debug|Any CPU = Debug|Any CPU
		Release|Any CPU = Release|Any CPU
	EndGlobalSection
	GlobalSection(ProjectConfigurationPlatforms) = postSolution
		{04E5165F-559B-4378-95CB-44776E11241B}.Debug|Any CPU.ActiveCfg = Debug|Any CPU
		{04E5165F-559B-4378-95CB-44776E11241B}.Debug|Any CPU.Build.0 = Debug|Any CPU
		{04E5165F-559B-4378-95CB-44776E11241B}.Release|Any CPU.ActiveCfg = Release|Any CPU
		{04E5165F-559B-4378-95CB-44776E11241B}.Release|Any CPU.Build.0 = Release|Any CPU
	EndGlobalSection
	GlobalSection(SolutionProperties) = preSolution
		HideSolutionNode = FALSE
	EndGlobalSection
	GlobalSection(ExtensibilityGlobals) = postSolution
		SolutionGuid = {F60E5C33-FBE5-46EA-9491-A514D6ADDB73}
	EndGlobalSection
EndGlobal
